
Microsoft Visual Studio Solution File, Format Version 12.00
# Visual Studio Version 17
VisualStudioVersion = 17.2.32616.157
MinimumVisualStudioVersion = 10.0.40219.1
Project("{FAE04EC0-301F-11D3-BF4B-00C04F79EFBC}") = "Onvif.Core.Test", "Core.Test\TestProject1\Onvif.Core.Test.csproj", "{96DF0BFB-A716-42F3-8790-E9536CA2E34E}"
EndProject
Project("{9A19103F-16F7-4668-BE54-9A1E7A4F7556}") = "Onvif.Core", "Core\Onvif.Core.csproj", "{1C71E568-F602-4B67-A586-9C10E397D80E}"
EndProject
Global
	GlobalSection(SolutionConfigurationPlatforms) = preSolution
		Debug|Any CPU = Debug|Any CPU
		Release|Any CPU = Release|Any CPU
	EndGlobalSection
	GlobalSection(ProjectConfigurationPlatforms) = postSolution
		{96DF0BFB-A716-42F3-8790-E9536CA2E34E}.Debug|Any CPU.ActiveCfg = Debug|Any CPU
		{96DF0BFB-A716-42F3-8790-E9536CA2E34E}.Debug|Any CPU.Build.0 = Debug|Any CPU
		{96DF0BFB-A716-42F3-8790-E9536CA2E34E}.Release|Any CPU.ActiveCfg = Release|Any CPU
		{96DF0BFB-A716-42F3-8790-E9536CA2E34E}.Release|Any CPU.Build.0 = Release|Any CPU
		{1C71E568-F602-4B67-A586-9C10E397D80E}.Debug|Any CPU.ActiveCfg = Debug|Any CPU
		{1C71E568-F602-4B67-A586-9C10E397D80E}.Debug|Any CPU.Build.0 = Debug|Any CPU
		{1C71E568-F602-4B67-A586-9C10E397D80E}.Release|Any CPU.ActiveCfg = Release|Any CPU
		{1C71E568-F602-4B67-A586-9C10E397D80E}.Release|Any CPU.Build.0 = Release|Any CPU
	EndGlobalSection
	GlobalSection(SolutionProperties) = preSolution
		HideSolutionNode = FALSE
	EndGlobalSection
	GlobalSection(ExtensibilityGlobals) = postSolution
		SolutionGuid = {FBACAB76-C4E8-4B14-9568-3105EE85CEBA}
	EndGlobalSection
EndGlobal
